
Microsoft Visual Studio Solution File, Format Version 12.00
# Visual Studio Version 17
VisualStudioVersion = 17.10.35013.160
MinimumVisualStudioVersion = 10.0.40219.1
Project("{911E67C6-3D85-4FCE-B560-20A9C3E3FF48}") = "eventManagementSystem", "eventManagementSystem.exe", "{9BD6A8DA-EABD-4AE3-8739-55046CD3350B}"
	ProjectSection(DebuggerProjectSystem) = preProject
		PortSupplier = 00000000-0000-0000-0000-000000000000
		Executable = C:\Users\Admin\Documents\Obsidian Vault\Uni Courses\Year 2\Sem 1\Programming\SPC_code_files\asgm\eventManagementSystem.exe
		RemoteMachine = MAX
		StartingDirectory = C:\Users\Admin\Documents\Obsidian Vault\Uni Courses\Year 2\Sem 1\Programming\SPC_code_files\asgm
		Environment = Default
		LaunchingEngine = 00000000-0000-0000-0000-000000000000
		UseLegacyDebugEngines = No
		LaunchSQLEngine = No
		AttachLaunchAction = No
		IORedirection = Auto
	EndProjectSection
EndProject
Global
	GlobalSection(SolutionConfigurationPlatforms) = preSolution
		Release|x64 = Release|x64
	EndGlobalSection
	GlobalSection(ProjectConfigurationPlatforms) = postSolution
		{9BD6A8DA-EABD-4AE3-8739-55046CD3350B}.Release|x64.ActiveCfg = Release|x64
	EndGlobalSection
	GlobalSection(SolutionProperties) = preSolution
		HideSolutionNode = FALSE
	EndGlobalSection
	GlobalSection(ExtensibilityGlobals) = postSolution
		SolutionGuid = {ED2D152E-FDF2-4B5A-B74C-AF2D2044E696}
	EndGlobalSection
EndGlobal
